
Microsoft Visual Studio Solution File, Format Version 12.00
# Visual Studio Version 17
VisualStudioVersion = 17.5.002.0
MinimumVisualStudioVersion = 10.0.40219.1
Project("{9A19103F-16F7-4668-BE54-9A1E7A4F7556}") = "58", "58.csproj", "{7A5A6929-E021-447A-997E-485285D87B6D}"
EndProject
Global
	GlobalSection(SolutionConfigurationPlatforms) = preSolution
		Debug|Any CPU = Debug|Any CPU
		Release|Any CPU = Release|Any CPU
	EndGlobalSection
	GlobalSection(ProjectConfigurationPlatforms) = postSolution
		{7A5A6929-E021-447A-997E-485285D87B6D}.Debug|Any CPU.ActiveCfg = Debug|Any CPU
		{7A5A6929-E021-447A-997E-485285D87B6D}.Debug|Any CPU.Build.0 = Debug|Any CPU
		{7A5A6929-E021-447A-997E-485285D87B6D}.Release|Any CPU.ActiveCfg = Release|Any CPU
		{7A5A6929-E021-447A-997E-485285D87B6D}.Release|Any CPU.Build.0 = Release|Any CPU
	EndGlobalSection
	GlobalSection(SolutionProperties) = preSolution
		HideSolutionNode = FALSE
	EndGlobalSection
	GlobalSection(ExtensibilityGlobals) = postSolution
		SolutionGuid = {54791944-58F2-4E02-BD5F-751FC3A9583B}
	EndGlobalSection
EndGlobal
